
Microsoft Visual Studio Solution File, Format Version 12.00
# Visual Studio Version 17
VisualStudioVersion = 17.11.35312.102
MinimumVisualStudioVersion = 10.0.40219.1
Project("{FAE04EC0-301F-11D3-BF4B-00C04F79EFBC}") = "JNR", "JNR.csproj", "{18BC7678-3445-41EC-A22B-67CB596A1499}"
EndProject
Global
	GlobalSection(SolutionConfigurationPlatforms) = preSolution
		Debug|Any CPU = Debug|Any CPU
		Release|Any CPU = Release|Any CPU
	EndGlobalSection
	GlobalSection(ProjectConfigurationPlatforms) = postSolution
		{18BC7678-3445-41EC-A22B-67CB596A1499}.Debug|Any CPU.ActiveCfg = Debug|Any CPU
		{18BC7678-3445-41EC-A22B-67CB596A1499}.Debug|Any CPU.Build.0 = Debug|Any CPU
		{18BC7678-3445-41EC-A22B-67CB596A1499}.Release|Any CPU.ActiveCfg = Release|Any CPU
		{18BC7678-3445-41EC-A22B-67CB596A1499}.Release|Any CPU.Build.0 = Release|Any CPU
	EndGlobalSection
	GlobalSection(SolutionProperties) = preSolution
		HideSolutionNode = FALSE
	EndGlobalSection
	GlobalSection(ExtensibilityGlobals) = postSolution
		SolutionGuid = {B0CB16B1-ED6B-45AB-B76A-F87435CD404A}
	EndGlobalSection
EndGlobal
